# This file is automatically @generated by Cargo.
# It is not intended for manual editing.
version = 3

[[package]]
name = "ahash"
version = "0.7.8"
source = "registry+https://github.com/rust-lang/crates.io-index"
checksum = "891477e0c6a8957309ee5c45a6368af3ae14bb510732d2684ffa19af310920f9"
dependencies = [
 "getrandom",
 "once_cell",
 "version_check",
]

[[package]]
name = "arbitrary"
version = "1.3.2"
source = "registry+https://github.com/rust-lang/crates.io-index"
checksum = "7d5a26814d8dcb93b0e5a0ff3c6d80a8843bafb21b39e8e18a6f05471870e110"
dependencies = [
 "derive_arbitrary",
]

[[package]]
name = "atomic-polyfill"
version = "1.0.3"
source = "registry+https://github.com/rust-lang/crates.io-index"
checksum = "8cf2bce30dfe09ef0bfaef228b9d414faaf7e563035494d7fe092dba54b300f4"
dependencies = [
 "critical-section",
]

[[package]]
name = "autocfg"
version = "1.2.0"
source = "registry+https://github.com/rust-lang/crates.io-index"
checksum = "f1fdabc7756949593fe60f30ec81974b613357de856987752631dea1e3394c80"

[[package]]
name = "bincode"
version = "2.0.0-rc.3"
source = "registry+https://github.com/rust-lang/crates.io-index"
checksum = "f11ea1a0346b94ef188834a65c068a03aec181c94896d481d7a0a40d85b0ce95"
dependencies = [
 "bincode_derive",
]

[[package]]
name = "bincode_derive"
version = "2.0.0-rc.3"
source = "registry+https://github.com/rust-lang/crates.io-index"
checksum = "7e30759b3b99a1b802a7a3aa21c85c3ded5c28e1c83170d82d70f08bbf7f3e4c"
dependencies = [
 "virtue",
]

[[package]]
name = "bit-set"
version = "0.5.3"
source = "registry+https://github.com/rust-lang/crates.io-index"
checksum = "0700ddab506f33b20a03b13996eccd309a48e5ff77d0d95926aa0210fb4e95f1"
dependencies = [
 "bit-vec",
]

[[package]]
name = "bit-vec"
version = "0.6.3"
source = "registry+https://github.com/rust-lang/crates.io-index"
checksum = "349f9b6a179ed607305526ca489b34ad0a41aed5f7980fa90eb03160b69598fb"

[[package]]
name = "bitcode"
version = "0.6.0"
source = "registry+https://github.com/rust-lang/crates.io-index"
checksum = "48bc1c27654127a24c476d40198746860ef56475f41a601bfa5c4d0f832968f0"
dependencies = [
 "bitcode_derive",
 "bytemuck",
]

[[package]]
name = "bitcode_derive"
version = "0.6.0"
source = "registry+https://github.com/rust-lang/crates.io-index"
checksum = "2966755a19aad59ee2aae91e2d48842c667a99d818ec72168efdab07200701cc"
dependencies = [
 "proc-macro2",
 "quote",
 "syn 2.0.60",
]

[[package]]
name = "bitflags"
version = "2.5.0"
source = "registry+https://github.com/rust-lang/crates.io-index"
checksum = "cf4b9d6a944f767f8e5e0db018570623c85f3d925ac718db4e06d0187adb21c1"

[[package]]
name = "bitvec"
version = "1.0.1"
source = "registry+https://github.com/rust-lang/crates.io-index"
checksum = "1bc2832c24239b0141d5674bb9174f9d68a8b5b3f2753311927c172ca46f7e9c"
dependencies = [
 "funty",
 "radium",
 "tap",
 "wyz",
]

[[package]]
name = "borsh"
version = "1.4.0"
source = "registry+https://github.com/rust-lang/crates.io-index"
checksum = "0901fc8eb0aca4c83be0106d6f2db17d86a08dfc2c25f0e84464bf381158add6"
dependencies = [
 "borsh-derive",
 "cfg_aliases",
]

[[package]]
name = "borsh-derive"
version = "1.4.0"
source = "registry+https://github.com/rust-lang/crates.io-index"
checksum = "51670c3aa053938b0ee3bd67c3817e471e626151131b934038e83c5bf8de48f5"
dependencies = [
 "once_cell",
 "proc-macro-crate",
 "proc-macro2",
 "quote",
 "syn 2.0.60",
 "syn_derive",
]

[[package]]
name = "bytecheck"
version = "0.6.12"
source = "registry+https://github.com/rust-lang/crates.io-index"
checksum = "23cdc57ce23ac53c931e88a43d06d070a6fd142f2617be5855eb75efc9beb1c2"
dependencies = [
 "bytecheck_derive",
 "ptr_meta",
]

[[package]]
name = "bytecheck_derive"
version = "0.6.12"
source = "registry+https://github.com/rust-lang/crates.io-index"
checksum = "3db406d29fbcd95542e92559bed4d8ad92636d1ca8b3b72ede10b4bcc010e659"
dependencies = [
 "proc-macro2",
 "quote",
 "syn 1.0.109",
]

[[package]]
name = "bytemuck"
version = "1.15.0"
source = "registry+https://github.com/rust-lang/crates.io-index"
checksum = "5d6d68c57235a3a081186990eca2867354726650f42f7516ca50c28d6281fd15"
dependencies = [
 "bytemuck_derive",
]

[[package]]
name = "bytemuck_derive"
version = "1.6.0"
source = "registry+https://github.com/rust-lang/crates.io-index"
checksum = "4da9a32f3fed317401fa3c862968128267c3106685286e15d5aaa3d7389c2f60"
dependencies = [
 "proc-macro2",
 "quote",
 "syn 2.0.60",
]

[[package]]
name = "byteorder"
version = "1.5.0"
source = "registry+https://github.com/rust-lang/crates.io-index"
checksum = "1fd0f2584146f6f2ef48085050886acf353beff7305ebd1ae69500e27c67f64b"

[[package]]
name = "cfg-if"
version = "1.0.0"
source = "registry+https://github.com/rust-lang/crates.io-index"
checksum = "baf1de4339761588bc0619e3cbc0120ee582ebb74b53b4efbf79117bd2da40fd"

[[package]]
name = "cfg_aliases"
version = "0.1.1"
source = "registry+https://github.com/rust-lang/crates.io-index"
checksum = "fd16c4719339c4530435d38e511904438d07cce7950afa3718a84ac36c10e89e"

[[package]]
name = "cobs"
version = "0.2.3"
source = "registry+https://github.com/rust-lang/crates.io-index"
checksum = "67ba02a97a2bd10f4b59b25c7973101c79642302776489e030cd13cdab09ed15"

[[package]]
name = "const_format"
version = "0.2.32"
source = "registry+https://github.com/rust-lang/crates.io-index"
checksum = "e3a214c7af3d04997541b18d432afaff4c455e79e2029079647e72fc2bd27673"
dependencies = [
 "const_format_proc_macros",
]

[[package]]
name = "const_format_proc_macros"
version = "0.2.32"
source = "registry+https://github.com/rust-lang/crates.io-index"
checksum = "c7f6ff08fd20f4f299298a28e2dfa8a8ba1036e6cd2460ac1de7b425d76f2500"
dependencies = [
 "proc-macro2",
 "quote",
 "unicode-xid",
]

[[package]]
name = "critical-section"
version = "1.1.2"
source = "registry+https://github.com/rust-lang/crates.io-index"
checksum = "7059fff8937831a9ae6f0fe4d658ffabf58f2ca96aa9dec1c889f936f705f216"

[[package]]
name = "derive_arbitrary"
version = "1.3.2"
source = "registry+https://github.com/rust-lang/crates.io-index"
checksum = "67e77553c4162a157adbf834ebae5b415acbecbeafc7a74b0e886657506a7611"
dependencies = [
 "proc-macro2",
 "quote",
 "syn 2.0.60",
]

[[package]]
name = "equivalent"
version = "1.0.1"
source = "registry+https://github.com/rust-lang/crates.io-index"
checksum = "5443807d6dff69373d433ab9ef5378ad8df50ca6298caf15de6e52e24aaf54d5"

[[package]]
name = "errno"
version = "0.3.8"
source = "registry+https://github.com/rust-lang/crates.io-index"
checksum = "a258e46cdc063eb8519c00b9fc845fc47bcfca4130e2f08e88665ceda8474245"
dependencies = [
 "libc",
 "windows-sys",
]

[[package]]
name = "fastrand"
version = "2.1.0"
source = "registry+https://github.com/rust-lang/crates.io-index"
checksum = "9fc0510504f03c51ada170672ac806f1f105a88aa97a5281117e1ddc3368e51a"

[[package]]
name = "fnv"
version = "1.0.7"
source = "registry+https://github.com/rust-lang/crates.io-index"
checksum = "3f9eec918d3f24069decb9af1554cad7c880e2da24a9afd88aca000531ab82c1"

[[package]]
name = "funty"
version = "2.0.0"
source = "registry+https://github.com/rust-lang/crates.io-index"
checksum = "e6d5a32815ae3f33302d95fdcb2ce17862f8c65363dcfd29360480ba1001fc9c"

[[package]]
name = "getrandom"
version = "0.2.14"
source = "registry+https://github.com/rust-lang/crates.io-index"
checksum = "94b22e06ecb0110981051723910cbf0b5f5e09a2062dd7663334ee79a9d1286c"
dependencies = [
 "cfg-if",
 "libc",
 "wasi",
]

[[package]]
name = "hash32"
version = "0.2.1"
source = "registry+https://github.com/rust-lang/crates.io-index"
checksum = "b0c35f58762feb77d74ebe43bdbc3210f09be9fe6742234d573bacc26ed92b67"
dependencies = [
 "byteorder",
]

[[package]]
name = "hashbrown"
version = "0.12.3"
source = "registry+https://github.com/rust-lang/crates.io-index"
checksum = "8a9ee70c43aaf417c914396645a0fa852624801b24ebb7ae78fe8272889ac888"
dependencies = [
 "ahash",
]

[[package]]
name = "hashbrown"
version = "0.14.3"
source = "registry+https://github.com/rust-lang/crates.io-index"
checksum = "290f1a1d9242c78d09ce40a5e87e7554ee637af1351968159f4952f028f75604"

[[package]]
name = "heapless"
version = "0.7.17"
source = "registry+https://github.com/rust-lang/crates.io-index"
checksum = "cdc6457c0eb62c71aac4bc17216026d8410337c4126773b9c5daba343f17964f"
dependencies = [
 "atomic-polyfill",
 "hash32",
 "rustc_version",
 "serde",
 "spin",
 "stable_deref_trait",
]

[[package]]
name = "indexmap"
version = "2.2.6"
source = "registry+https://github.com/rust-lang/crates.io-index"
checksum = "168fb715dda47215e360912c096649d23d58bf392ac62f73919e831745e40f26"
dependencies = [
 "equivalent",
 "hashbrown 0.14.3",
]

[[package]]
name = "itoa"
version = "1.0.11"
source = "registry+https://github.com/rust-lang/crates.io-index"
checksum = "49f1f14873335454500d59611f1cf4a4b0f786f9ac11f4312a78e4cf2566695b"

[[package]]
name = "lazy_static"
version = "1.4.0"
source = "registry+https://github.com/rust-lang/crates.io-index"
checksum = "e2abad23fbc42b3700f2f279844dc832adb2b2eb069b2df918f455c4e18cc646"

[[package]]
name = "libc"
version = "0.2.153"
source = "registry+https://github.com/rust-lang/crates.io-index"
checksum = "9c198f91728a82281a64e1f4f9eeb25d82cb32a5de251c6bd1b5154d63a8e7bd"

[[package]]
name = "libm"
version = "0.2.8"
source = "registry+https://github.com/rust-lang/crates.io-index"
checksum = "4ec2a862134d2a7d32d7983ddcdd1c4923530833c9f2ea1a44fc5fa473989058"

[[package]]
name = "linux-raw-sys"
version = "0.4.13"
source = "registry+https://github.com/rust-lang/crates.io-index"
checksum = "01cda141df6706de531b6c46c3a33ecca755538219bd484262fa09410c13539c"

[[package]]
name = "lock_api"
version = "0.4.12"
source = "registry+https://github.com/rust-lang/crates.io-index"
checksum = "07af8b9cdd281b7915f413fa73f29ebd5d55d0d3f0155584dade1ff18cea1b17"
dependencies = [
 "autocfg",
 "scopeguard",
]

[[package]]
name = "memchr"
version = "2.7.2"
source = "registry+https://github.com/rust-lang/crates.io-index"
checksum = "6c8640c5d730cb13ebd907d8d04b52f55ac9a2eec55b440c8892f40d56c76c1d"

[[package]]
name = "memoffset"
version = "0.9.1"
source = "registry+https://github.com/rust-lang/crates.io-index"
checksum = "488016bfae457b036d996092f6cb448677611ce4449e970ceaf42695203f218a"
dependencies = [
 "autocfg",
]

[[package]]
name = "num-traits"
version = "0.2.18"
source = "registry+https://github.com/rust-lang/crates.io-index"
checksum = "da0df0e5185db44f69b44f26786fe401b6c293d1907744beaa7fa62b2e5a517a"
dependencies = [
 "autocfg",
 "libm",
]

[[package]]
name = "once_cell"
version = "1.19.0"
source = "registry+https://github.com/rust-lang/crates.io-index"
checksum = "3fdb12b2476b595f9358c5161aa467c2438859caa136dec86c26fdd2efe17b92"

[[package]]
name = "postcard"
version = "1.0.8"
source = "registry+https://github.com/rust-lang/crates.io-index"
checksum = "a55c51ee6c0db07e68448e336cf8ea4131a620edefebf9893e759b2d793420f8"
dependencies = [
 "cobs",
 "const_format",
 "heapless",
 "postcard-derive",
 "serde",
]

[[package]]
name = "postcard-derive"
version = "0.1.1"
source = "registry+https://github.com/rust-lang/crates.io-index"
checksum = "fc4b01218787dd4420daf63875163a787a78294ad48a24e9f6fa8c6507759a79"
dependencies = [
 "proc-macro2",
 "quote",
 "syn 1.0.109",
]

[[package]]
name = "ppv-lite86"
version = "0.2.17"
source = "registry+https://github.com/rust-lang/crates.io-index"
checksum = "5b40af805b3121feab8a3c29f04d8ad262fa8e0561883e7653e024ae4479e6de"

[[package]]
name = "proc-macro-crate"
version = "3.1.0"
source = "registry+https://github.com/rust-lang/crates.io-index"
checksum = "6d37c51ca738a55da99dc0c4a34860fd675453b8b36209178c2249bb13651284"
dependencies = [
 "toml_edit",
]

[[package]]
name = "proc-macro-error"
version = "1.0.4"
source = "registry+https://github.com/rust-lang/crates.io-index"
checksum = "da25490ff9892aab3fcf7c36f08cfb902dd3e71ca0f9f9517bea02a73a5ce38c"
dependencies = [
 "proc-macro-error-attr",
 "proc-macro2",
 "quote",
 "version_check",
]

[[package]]
name = "proc-macro-error-attr"
version = "1.0.4"
source = "registry+https://github.com/rust-lang/crates.io-index"
checksum = "a1be40180e52ecc98ad80b184934baf3d0d29f979574e439af5a55274b35f869"
dependencies = [
 "proc-macro2",
 "quote",
 "version_check",
]

[[package]]
name = "proc-macro2"
version = "1.0.81"
source = "registry+https://github.com/rust-lang/crates.io-index"
checksum = "3d1597b0c024618f09a9c3b8655b7e430397a36d23fdafec26d6965e9eec3eba"
dependencies = [
 "unicode-ident",
]

[[package]]
name = "proptest"
version = "1.4.0"
source = "registry+https://github.com/rust-lang/crates.io-index"
checksum = "31b476131c3c86cb68032fdc5cb6d5a1045e3e42d96b69fa599fd77701e1f5bf"
dependencies = [
 "bit-set",
 "bit-vec",
 "bitflags",
 "lazy_static",
 "num-traits",
 "rand",
 "rand_chacha",
 "rand_xorshift",
 "regex-syntax",
 "rusty-fork",
 "tempfile",
 "unarray",
]

[[package]]
name = "proptest-arbitrary-interop"
version = "0.1.0"
source = "registry+https://github.com/rust-lang/crates.io-index"
checksum = "a1981e49bd2432249da8b0e11e5557099a8e74690d6b94e721f7dc0bb7f3555f"
dependencies = [
 "arbitrary",
 "proptest",
]

[[package]]
name = "ptr_meta"
version = "0.1.4"
source = "registry+https://github.com/rust-lang/crates.io-index"
checksum = "0738ccf7ea06b608c10564b31debd4f5bc5e197fc8bfe088f68ae5ce81e7a4f1"
dependencies = [
 "ptr_meta_derive",
]

[[package]]
name = "ptr_meta_derive"
version = "0.1.4"
source = "registry+https://github.com/rust-lang/crates.io-index"
checksum = "16b845dbfca988fa33db069c0e230574d15a3088f147a87b64c7589eb662c9ac"
dependencies = [
 "proc-macro2",
 "quote",
 "syn 1.0.109",
]

[[package]]
name = "quick-error"
version = "1.2.3"
source = "registry+https://github.com/rust-lang/crates.io-index"
checksum = "a1d01941d82fa2ab50be1e79e6714289dd7cde78eba4c074bc5a4374f650dfe0"

[[package]]
name = "quote"
version = "1.0.36"
source = "registry+https://github.com/rust-lang/crates.io-index"
checksum = "0fa76aaf39101c457836aec0ce2316dbdc3ab723cdda1c6bd4e6ad4208acaca7"
dependencies = [
 "proc-macro2",
]

[[package]]
name = "radium"
version = "0.7.0"
source = "registry+https://github.com/rust-lang/crates.io-index"
checksum = "dc33ff2d4973d518d823d61aa239014831e521c75da58e3df4840d3f47749d09"

[[package]]
name = "rand"
version = "0.8.5"
source = "registry+https://github.com/rust-lang/crates.io-index"
checksum = "34af8d1a0e25924bc5b7c43c079c942339d8f0a8b57c39049bef581b46327404"
dependencies = [
 "libc",
 "rand_chacha",
 "rand_core",
]

[[package]]
name = "rand_chacha"
version = "0.3.1"
source = "registry+https://github.com/rust-lang/crates.io-index"
checksum = "e6c10a63a0fa32252be49d21e7709d4d4baf8d231c2dbce1eaa8141b9b127d88"
dependencies = [
 "ppv-lite86",
 "rand_core",
]

[[package]]
name = "rand_core"
version = "0.6.4"
source = "registry+https://github.com/rust-lang/crates.io-index"
checksum = "ec0be4795e2f6a28069bec0b5ff3e2ac9bafc99e6a9a7dc3547996c5c816922c"
dependencies = [
 "getrandom",
]

[[package]]
name = "rand_xorshift"
version = "0.3.0"
source = "registry+https://github.com/rust-lang/crates.io-index"
checksum = "d25bf25ec5ae4a3f1b92f929810509a2f53d7dca2f50b794ff57e3face536c8f"
dependencies = [
 "rand_core",
]

[[package]]
name = "regex-syntax"
version = "0.8.3"
source = "registry+https://github.com/rust-lang/crates.io-index"
checksum = "adad44e29e4c806119491a7f06f03de4d1af22c3a680dd47f1e6e179439d1f56"

[[package]]
name = "rend"
version = "0.4.2"
source = "registry+https://github.com/rust-lang/crates.io-index"
checksum = "71fe3824f5629716b1589be05dacd749f6aa084c87e00e016714a8cdfccc997c"
dependencies = [
 "bytecheck",
]

[[package]]
name = "rkyv"
version = "0.7.44"
source = "registry+https://github.com/rust-lang/crates.io-index"
checksum = "5cba464629b3394fc4dbc6f940ff8f5b4ff5c7aef40f29166fd4ad12acbc99c0"
dependencies = [
 "bitvec",
 "bytecheck",
 "hashbrown 0.12.3",
 "ptr_meta",
 "rend",
 "rkyv_derive",
 "seahash",
 "tinyvec",
]

[[package]]
name = "rkyv_derive"
version = "0.7.44"
source = "registry+https://github.com/rust-lang/crates.io-index"
checksum = "a7dddfff8de25e6f62b9d64e6e432bf1c6736c57d20323e15ee10435fbda7c65"
dependencies = [
 "proc-macro2",
 "quote",
 "syn 1.0.109",
]

[[package]]
name = "rustc_version"
version = "0.4.0"
source = "registry+https://github.com/rust-lang/crates.io-index"
checksum = "bfa0f585226d2e68097d4f95d113b15b83a82e819ab25717ec0590d9584ef366"
dependencies = [
 "semver",
]

[[package]]
name = "rustix"
version = "0.38.34"
source = "registry+https://github.com/rust-lang/crates.io-index"
checksum = "70dc5ec042f7a43c4a73241207cecc9873a06d45debb38b329f8541d85c2730f"
dependencies = [
 "bitflags",
 "errno",
 "libc",
 "linux-raw-sys",
 "windows-sys",
]

[[package]]
name = "rusty-fork"
version = "0.3.0"
source = "registry+https://github.com/rust-lang/crates.io-index"
checksum = "cb3dcc6e454c328bb824492db107ab7c0ae8fcffe4ad210136ef014458c1bc4f"
dependencies = [
 "fnv",
 "quick-error",
 "tempfile",
 "wait-timeout",
]

[[package]]
name = "ryu"
version = "1.0.17"
source = "registry+https://github.com/rust-lang/crates.io-index"
checksum = "e86697c916019a8588c99b5fac3cead74ec0b4b819707a682fd4d23fa0ce1ba1"

[[package]]
name = "scopeguard"
version = "1.2.0"
source = "registry+https://github.com/rust-lang/crates.io-index"
checksum = "94143f37725109f92c262ed2cf5e59bce7498c01bcc1502d7b9afe439a4e9f49"

[[package]]
name = "seahash"
version = "4.1.0"
source = "registry+https://github.com/rust-lang/crates.io-index"
checksum = "1c107b6f4780854c8b126e228ea8869f4d7b71260f962fefb57b996b8959ba6b"

[[package]]
name = "semver"
version = "1.0.22"
source = "registry+https://github.com/rust-lang/crates.io-index"
checksum = "92d43fe69e652f3df9bdc2b85b2854a0825b86e4fb76bc44d945137d053639ca"

[[package]]
name = "serde"
version = "1.0.199"
source = "registry+https://github.com/rust-lang/crates.io-index"
checksum = "0c9f6e76df036c77cd94996771fb40db98187f096dd0b9af39c6c6e452ba966a"
dependencies = [
 "serde_derive",
]

[[package]]
name = "serde_derive"
version = "1.0.199"
source = "registry+https://github.com/rust-lang/crates.io-index"
checksum = "11bd257a6541e141e42ca6d24ae26f7714887b47e89aa739099104c7e4d3b7fc"
dependencies = [
 "proc-macro2",
 "quote",
 "syn 2.0.60",
]

[[package]]
name = "serde_json"
version = "1.0.116"
source = "registry+https://github.com/rust-lang/crates.io-index"
checksum = "3e17db7126d17feb94eb3fad46bf1a96b034e8aacbc2e775fe81505f8b0b2813"
dependencies = [
 "itoa",
 "ryu",
 "serde",
]

[[package]]
name = "serial-num"
version = "0.8.0"
dependencies = [
 "arbitrary",
 "bincode",
 "bitcode",
 "borsh",
 "bytemuck",
 "postcard",
 "proptest",
 "proptest-arbitrary-interop",
 "rkyv",
 "serde",
 "serde_json",
 "speedy",
]

[[package]]
name = "speedy"
version = "0.8.7"
source = "registry+https://github.com/rust-lang/crates.io-index"
checksum = "da1992073f0e55aab599f4483c460598219b4f9ff0affa124b33580ab511e25a"
dependencies = [
 "memoffset",
 "speedy-derive",
]

[[package]]
name = "speedy-derive"
version = "0.8.7"
source = "registry+https://github.com/rust-lang/crates.io-index"
checksum = "658f2ca5276b92c3dfd65fa88316b4e032ace68f88d7570b43967784c0bac5ac"
dependencies = [
 "proc-macro2",
 "quote",
 "syn 2.0.60",
]

[[package]]
name = "spin"
version = "0.9.8"
source = "registry+https://github.com/rust-lang/crates.io-index"
checksum = "6980e8d7511241f8acf4aebddbb1ff938df5eebe98691418c4468d0b72a96a67"
dependencies = [
 "lock_api",
]

[[package]]
name = "stable_deref_trait"
version = "1.2.0"
source = "registry+https://github.com/rust-lang/crates.io-index"
checksum = "a8f112729512f8e442d81f95a8a7ddf2b7c6b8a1a6f509a95864142b30cab2d3"

[[package]]
name = "syn"
version = "1.0.109"
source = "registry+https://github.com/rust-lang/crates.io-index"
checksum = "72b64191b275b66ffe2469e8af2c1cfe3bafa67b529ead792a6d0160888b4237"
dependencies = [
 "proc-macro2",
 "quote",
 "unicode-ident",
]

[[package]]
name = "syn"
version = "2.0.60"
source = "registry+https://github.com/rust-lang/crates.io-index"
checksum = "909518bc7b1c9b779f1bbf07f2929d35af9f0f37e47c6e9ef7f9dddc1e1821f3"
dependencies = [
 "proc-macro2",
 "quote",
 "unicode-ident",
]

[[package]]
name = "syn_derive"
version = "0.1.8"
source = "registry+https://github.com/rust-lang/crates.io-index"
checksum = "1329189c02ff984e9736652b1631330da25eaa6bc639089ed4915d25446cbe7b"
dependencies = [
 "proc-macro-error",
 "proc-macro2",
 "quote",
 "syn 2.0.60",
]

[[package]]
name = "tap"
version = "1.0.1"
source = "registry+https://github.com/rust-lang/crates.io-index"
checksum = "55937e1799185b12863d447f42597ed69d9928686b8d88a1df17376a097d8369"

[[package]]
name = "tempfile"
version = "3.10.1"
source = "registry+https://github.com/rust-lang/crates.io-index"
checksum = "85b77fafb263dd9d05cbeac119526425676db3784113aa9295c88498cbf8bff1"
dependencies = [
 "cfg-if",
 "fastrand",
 "rustix",
 "windows-sys",
]

[[package]]
name = "tinyvec"
version = "1.6.0"
source = "registry+https://github.com/rust-lang/crates.io-index"
checksum = "87cc5ceb3875bb20c2890005a4e226a4651264a5c75edb2421b52861a0a0cb50"
dependencies = [
 "tinyvec_macros",
]

[[package]]
name = "tinyvec_macros"
version = "0.1.1"
source = "registry+https://github.com/rust-lang/crates.io-index"
checksum = "1f3ccbac311fea05f86f61904b462b55fb3df8837a366dfc601a0161d0532f20"

[[package]]
name = "toml_datetime"
version = "0.6.5"
source = "registry+https://github.com/rust-lang/crates.io-index"
checksum = "3550f4e9685620ac18a50ed434eb3aec30db8ba93b0287467bca5826ea25baf1"

[[package]]
name = "toml_edit"
version = "0.21.1"
source = "registry+https://github.com/rust-lang/crates.io-index"
checksum = "6a8534fd7f78b5405e860340ad6575217ce99f38d4d5c8f2442cb5ecb50090e1"
dependencies = [
 "indexmap",
 "toml_datetime",
 "winnow",
]

[[package]]
name = "unarray"
version = "0.1.4"
source = "registry+https://github.com/rust-lang/crates.io-index"
checksum = "eaea85b334db583fe3274d12b4cd1880032beab409c0d774be044d4480ab9a94"

[[package]]
name = "unicode-ident"
version = "1.0.12"
source = "registry+https://github.com/rust-lang/crates.io-index"
checksum = "3354b9ac3fae1ff6755cb6db53683adb661634f67557942dea4facebec0fee4b"

[[package]]
name = "unicode-xid"
version = "0.2.4"
source = "registry+https://github.com/rust-lang/crates.io-index"
checksum = "f962df74c8c05a667b5ee8bcf162993134c104e96440b663c8daa176dc772d8c"

[[package]]
name = "version_check"
version = "0.9.4"
source = "registry+https://github.com/rust-lang/crates.io-index"
checksum = "49874b5167b65d7193b8aba1567f5c7d93d001cafc34600cee003eda787e483f"

[[package]]
name = "virtue"
version = "0.0.13"
source = "registry+https://github.com/rust-lang/crates.io-index"
checksum = "9dcc60c0624df774c82a0ef104151231d37da4962957d691c011c852b2473314"

[[package]]
name = "wait-timeout"
version = "0.2.0"
source = "registry+https://github.com/rust-lang/crates.io-index"
checksum = "9f200f5b12eb75f8c1ed65abd4b2db8a6e1b138a20de009dacee265a2498f3f6"
dependencies = [
 "libc",
]

[[package]]
name = "wasi"
version = "0.11.0+wasi-snapshot-preview1"
source = "registry+https://github.com/rust-lang/crates.io-index"
checksum = "9c8d87e72b64a3b4db28d11ce29237c246188f4f51057d65a7eab63b7987e423"

[[package]]
name = "windows-sys"
version = "0.52.0"
source = "registry+https://github.com/rust-lang/crates.io-index"
checksum = "282be5f36a8ce781fad8c8ae18fa3f9beff57ec1b52cb3de0789201425d9a33d"
dependencies = [
 "windows-targets",
]

[[package]]
name = "windows-targets"
version = "0.52.5"
source = "registry+https://github.com/rust-lang/crates.io-index"
checksum = "6f0713a46559409d202e70e28227288446bf7841d3211583a4b53e3f6d96e7eb"
dependencies = [
 "windows_aarch64_gnullvm",
 "windows_aarch64_msvc",
 "windows_i686_gnu",
 "windows_i686_gnullvm",
 "windows_i686_msvc",
 "windows_x86_64_gnu",
 "windows_x86_64_gnullvm",
 "windows_x86_64_msvc",
]

[[package]]
name = "windows_aarch64_gnullvm"
version = "0.52.5"
source = "registry+https://github.com/rust-lang/crates.io-index"
checksum = "7088eed71e8b8dda258ecc8bac5fb1153c5cffaf2578fc8ff5d61e23578d3263"

[[package]]
name = "windows_aarch64_msvc"
version = "0.52.5"
source = "registry+https://github.com/rust-lang/crates.io-index"
checksum = "9985fd1504e250c615ca5f281c3f7a6da76213ebd5ccc9561496568a2752afb6"

[[package]]
name = "windows_i686_gnu"
version = "0.52.5"
source = "registry+https://github.com/rust-lang/crates.io-index"
checksum = "88ba073cf16d5372720ec942a8ccbf61626074c6d4dd2e745299726ce8b89670"

[[package]]
name = "windows_i686_gnullvm"
version = "0.52.5"
source = "registry+https://github.com/rust-lang/crates.io-index"
checksum = "87f4261229030a858f36b459e748ae97545d6f1ec60e5e0d6a3d32e0dc232ee9"

[[package]]
name = "windows_i686_msvc"
version = "0.52.5"
source = "registry+https://github.com/rust-lang/crates.io-index"
checksum = "db3c2bf3d13d5b658be73463284eaf12830ac9a26a90c717b7f771dfe97487bf"

[[package]]
name = "windows_x86_64_gnu"
version = "0.52.5"
source = "registry+https://github.com/rust-lang/crates.io-index"
checksum = "4e4246f76bdeff09eb48875a0fd3e2af6aada79d409d33011886d3e1581517d9"

[[package]]
name = "windows_x86_64_gnullvm"
version = "0.52.5"
source = "registry+https://github.com/rust-lang/crates.io-index"
checksum = "852298e482cd67c356ddd9570386e2862b5673c85bd5f88df9ab6802b334c596"

[[package]]
name = "windows_x86_64_msvc"
version = "0.52.5"
source = "registry+https://github.com/rust-lang/crates.io-index"
checksum = "bec47e5bfd1bff0eeaf6d8b485cc1074891a197ab4225d504cb7a1ab88b02bf0"

[[package]]
name = "winnow"
version = "0.5.40"
source = "registry+https://github.com/rust-lang/crates.io-index"
checksum = "f593a95398737aeed53e489c785df13f3618e41dbcd6718c6addbf1395aa6876"
dependencies = [
 "memchr",
]

[[package]]
name = "wyz"
version = "0.5.1"
source = "registry+https://github.com/rust-lang/crates.io-index"
checksum = "05f360fc0b24296329c78fda852a1e9ae82de9cf7b27dae4b7f62f118f77b9ed"
dependencies = [
 "tap",
]
